// !$*UTF8*$!
{
	archiveVersion = 1;
	classes = {
	};
	objectVersion = 46;
	objects = {

/* Begin PBXBuildFile section */
		BCC039F21C02EF4F0058371A /* main.m in Sources */ = {isa = PBXBuildFile; fileRef = BCC039F11C02EF4F0058371A /* main.m */; };
		BCC039F51C02EF4F0058371A /* AppDelegate.m in Sources */ = {isa = PBXBuildFile; fileRef = BCC039F41C02EF4F0058371A /* AppDelegate.m */; };
		BCC039F81C02EF4F0058371A /* ViewController.m in Sources */ = {isa = PBXBuildFile; fileRef = BCC039F71C02EF4F0058371A /* ViewController.m */; };
		BCC039FB1C02EF4F0058371A /* Main.storyboard in Resources */ = {isa = PBXBuildFile; fileRef = BCC039F91C02EF4F0058371A /* Main.storyboard */; };
		BCC039FD1C02EF4F0058371A /* Images.xcassets in Resources */ = {isa = PBXBuildFile; fileRef = BCC039FC1C02EF4F0058371A /* Images.xcassets */; };
		BCC03A001C02EF4F0058371A /* LaunchScreen.xib in Resources */ = {isa = PBXBuildFile; fileRef = BCC039FE1C02EF4F0058371A /* LaunchScreen.xib */; };
		BCC03A0C1C02EF500058371A /* wananTests.m in Sources */ = {isa = PBXBuildFile; fileRef = BCC03A0B1C02EF500058371A /* wananTests.m */; };
/* End PBXBuildFile section */

/* Begin PBXContainerItemProxy section */
		BCC03A061C02EF500058371A /* PBXContainerItemProxy */ = {
			isa = PBXContainerItemProxy;
			containerPortal = BCC039E41C02EF4F0058371A /* Project object */;
			proxyType = 1;
			remoteGlobalIDString = BCC039EB1C02EF4F0058371A;
			remoteInfo = wanan;
		};
/* End PBXContainerItemProxy section */

/* Begin PBXFileReference section */
		BCC039EC1C02EF4F0058371A /* wanan.app */ = {isa = PBXFileReference; explicitFileType = wrapper.application; includeInIndex = 0; path = wanan.app; sourceTree = BUILT_PRODUCTS_DIR; };
		BCC039F01C02EF4F0058371A /* Info.plist */ = {isa = PBXFileReference; lastKnownFileType = text.plist.xml; path = Info.plist; sourceTree = "<group>"; };
		BCC039F11C02EF4F0058371A /* main.m */ = {isa = PBXFileReference; lastKnownFileType = sourcecode.c.objc; path = main.m; sourceTree = "<group>"; };
		BCC039F31C02EF4F0058371A /* AppDelegate.h */ = {isa = PBXFileReference; lastKnownFileType = sourcecode.c.h; path = AppDelegate.h; sourceTree = "<group>"; };
		BCC039F41C02EF4F0058371A /* AppDelegate.m */ = {isa = PBXFileReference; lastKnownFileType = sourcecode.c.objc; path = AppDelegate.m; sourceTree = "<group>"; };
		BCC039F61C02EF4F0058371A /* ViewController.h */ = {isa = PBXFileReference; lastKnownFileType = sourcecode.c.h; path = ViewController.h; sourceTree = "<group>"; };
		BCC039F71C02EF4F0058371A /* ViewController.m */ = {isa = PBXFileReference; lastKnownFileType = sourcecode.c.objc; path = ViewController.m; sourceTree = "<group>"; };
		BCC039FA1C02EF4F0058371A /* Base */ = {isa = PBXFileReference; lastKnownFileType = file.storyboard; name = Base; path = Base.lproj/Main.storyboard; sourceTree = "<group>"; };
		BCC039FC1C02EF4F0058371A /* Images.xcassets */ = {isa = PBXFileReference; lastKnownFileType = folder.assetcatalog; path = Images.xcassets; sourceTree = "<group>"; };
		BCC039FF1C02EF4F0058371A /* Base */ = {isa = PBXFileReference; lastKnownFileType = file.xib; name = Base; path = Base.lproj/LaunchScreen.xib; sourceTree = "<group>"; };
		BCC03A051C02EF500058371A /* wananTests.xctest */ = {isa = PBXFileReference; explicitFileType = wrapper.cfbundle; includeInIndex = 0; path = wananTests.xctest; sourceTree = BUILT_PRODUCTS_DIR; };
		BCC03A0A1C02EF500058371A /* Info.plist */ = {isa = PBXFileReference; lastKnownFileType = text.plist.xml; path = Info.plist; sourceTree = "<group>"; };
		BCC03A0B1C02EF500058371A /* wananTests.m */ = {isa = PBXFileReference; lastKnownFileType = sourcecode.c.objc; path = wananTests.m; sourceTree = "<group>"; };
/* End PBXFileReference section */

/* Begin PBXFrameworksBuildPhase section */
		BCC039E91C02EF4F0058371A /* Frameworks */ = {
			isa = PBXFrameworksBuildPhase;
			buildActionMask = 2147483647;
			files = (
			);
			runOnlyForDeploymentPostprocessing = 0;
		};
		BCC03A021C02EF500058371A /* Frameworks */ = {
			isa = PBXFrameworksBuildPhase;
			buildActionMask = 2147483647;
			files = (
			);
			runOnlyForDeploymentPostprocessing = 0;
		};
/* End PBXFrameworksBuildPhase section */

/* Begin PBXGroup section */
		BCC039E31C02EF4F0058371A = {
			isa = PBXGroup;
			children = (
				BCC039EE1C02EF4F0058371A /* wanan */,
				BCC03A081C02EF500058371A /* wananTests */,
				BCC039ED1C02EF4F0058371A /* Products */,
			);
			sourceTree = "<group>";
		};
		BCC039ED1C02EF4F0058371A /* Products */ = {
			isa = PBXGroup;
			children = (
				BCC039EC1C02EF4F0058371A /* wanan.app */,
				BCC03A051C02EF500058371A /* wananTests.xctest */,
			);
			name = Products;
			sourceTree = "<group>";
		};
		BCC039EE1C02EF4F0058371A /* wanan */ = {
			isa = PBXGroup;
			children = (
				BCC039F31C02EF4F0058371A /* AppDelegate.h */,
				BCC039F41C02EF4F0058371A /* AppDelegate.m */,
				BCC039F61C02EF4F0058371A /* ViewController.h */,
				BCC039F71C02EF4F0058371A /* ViewController.m */,
				BCC039F91C02EF4F0058371A /* Main.storyboard */,
				BCC039FC1C02EF4F0058371A /* Images.xcassets */,
				BCC039FE1C02EF4F0058371A /* LaunchScreen.xib */,
				BCC039EF1C02EF4F0058371A /* Supporting Files */,
			);
			path = wanan;
			sourceTree = "<group>";
		};
		BCC039EF1C02EF4F0058371A /* Supporting Files */ = {
			isa = PBXGroup;
			children = (
				BCC039F01C02EF4F0058371A /* Info.plist */,
				BCC039F11C02EF4F0058371A /* main.m */,
			);
			name = "Supporting Files";
			sourceTree = "<group>";
		};
		BCC03A081C02EF500058371A /* wananTests */ = {
			isa = PBXGroup;
			children = (
				BCC03A0B1C02EF500058371A /* wananTests.m */,
				BCC03A091C02EF500058371A /* Supporting Files */,
			);
			path = wananTests;
			sourceTree = "<group>";
		};
		BCC03A091C02EF500058371A /* Supporting Files */ = {
			isa = PBXGroup;
			children = (
				BCC03A0A1C02EF500058371A /* Info.plist */,
			);
			name = "Supporting Files";
			sourceTree = "<group>";
		};
/* End PBXGroup section */

/* Begin PBXNativeTarget section */
		BCC039EB1C02EF4F0058371A /* wanan */ = {
			isa = PBXNativeTarget;
			buildConfigurationList = BCC03A0F1C02EF500058371A /* Build configuration list for PBXNativeTarget "wanan" */;
			buildPhases = (
				BCC039E81C02EF4F0058371A /* Sources */,
				BCC039E91C02EF4F0058371A /* Frameworks */,
				BCC039EA1C02EF4F0058371A /* Resources */,
			);
			buildRules = (
			);
			dependencies = (
			);
			name = wanan;
			productName = wanan;
			productReference = BCC039EC1C02EF4F0058371A /* wanan.app */;
			productType = "com.apple.product-type.application";
		};
		BCC03A041C02EF500058371A /* wananTests */ = {
			isa = PBXNativeTarget;
			buildConfigurationList = BCC03A121C02EF500058371A /* Build configuration list for PBXNativeTarget "wananTests" */;
			buildPhases = (
				BCC03A011C02EF500058371A /* Sources */,
				BCC03A021C02EF500058371A /* Frameworks */,
				BCC03A031C02EF500058371A /* Resources */,
			);
			buildRules = (
			);
			dependencies = (
				BCC03A071C02EF500058371A /* PBXTargetDependency */,
			);
			name = wananTests;
			productName = wananTests;
			productReference = BCC03A051C02EF500058371A /* wananTests.xctest */;
			productType = "com.apple.product-type.bundle.unit-test";
		};
/* End PBXNativeTarget section */

/* Begin PBXProject section */
		BCC039E41C02EF4F0058371A /* Project object */ = {
			isa = PBXProject;
			attributes = {
				LastUpgradeCheck = 0630;
				ORGANIZATIONNAME = WH;
				TargetAttributes = {
					BCC039EB1C02EF4F0058371A = {
						CreatedOnToolsVersion = 6.3;
					};
					BCC03A041C02EF500058371A = {
						CreatedOnToolsVersion = 6.3;
						TestTargetID = BCC039EB1C02EF4F0058371A;
					};
				};
			};
			buildConfigurationList = BCC039E71C02EF4F0058371A /* Build configuration list for PBXProject "wanan" */;
			compatibilityVersion = "Xcode 3.2";
			developmentRegion = English;
			hasScannedForEncodings = 0;
			knownRegions = (
				en,
				Base,
			);
			mainGroup = BCC039E31C02EF4F0058371A;
			productRefGroup = BCC039ED1C02EF4F0058371A /* Products */;
			projectDirPath = "";
			projectRoot = "";
			targets = (
				BCC039EB1C02EF4F0058371A /* wanan */,
				BCC03A041C02EF500058371A /* wananTests */,
			);
		};
/* End PBXProject section */

/* Begin PBXResourcesBuildPhase section */
		BCC039EA1C02EF4F0058371A /* Resources */ = {
			isa = PBXResourcesBuildPhase;
			buildActionMask = 2147483647;
			files = (
				BCC039FB1C02EF4F0058371A /* Main.storyboard in Resources */,
				BCC03A001C02EF4F0058371A /* LaunchScreen.xib in Resources */,
				BCC039FD1C02EF4F0058371A /* Images.xcassets in Resources */,
			);
			runOnlyForDeploymentPostprocessing = 0;
		};
		BCC03A031C02EF500058371A /* Resources */ = {
			isa = PBXResourcesBuildPhase;
			buildActionMask = 2147483647;
			files = (
			);
			runOnlyForDeploymentPostprocessing = 0;
		};
/* End PBXResourcesBuildPhase section */

/* Begin PBXSourcesBuildPhase section */
		BCC039E81C02EF4F0058371A /* Sources */ = {
			isa = PBXSourcesBuildPhase;
			buildActionMask = 2147483647;
			files = (
				BCC039F81C02EF4F0058371A /* ViewController.m in Sources */,
				BCC039F51C02EF4F0058371A /* AppDelegate.m in Sources */,
				BCC039F21C02EF4F0058371A /* main.m in Sources */,
			);
			runOnlyForDeploymentPostprocessing = 0;
		};
		BCC03A011C02EF500058371A /* Sources */ = {
			isa = PBXSourcesBuildPhase;
			buildActionMask = 2147483647;
			files = (
				BCC03A0C1C02EF500058371A /* wananTests.m in Sources */,
			);
			runOnlyForDeploymentPostprocessing = 0;
		};
/* End PBXSourcesBuildPhase section */

/* Begin PBXTargetDependency section */
		BCC03A071C02EF500058371A /* PBXTargetDependency */ = {
			isa = PBXTargetDependency;
			target = BCC039EB1C02EF4F0058371A /* wanan */;
			targetProxy = BCC03A061C02EF500058371A /* PBXContainerItemProxy */;
		};
/* End PBXTargetDependency section */

/* Begin PBXVariantGroup section */
		BCC039F91C02EF4F0058371A /* Main.storyboard */ = {
			isa = PBXVariantGroup;
			children = (
				BCC039FA1C02EF4F0058371A /* Base */,
			);
			name = Main.storyboard;
			sourceTree = "<group>";
		};
		BCC039FE1C02EF4F0058371A /* LaunchScreen.xib */ = {
			isa = PBXVariantGroup;
			children = (
				BCC039FF1C02EF4F0058371A /* Base */,
			);
			name = LaunchScreen.xib;
			sourceTree = "<group>";
		};
/* End PBXVariantGroup section */

/* Begin XCBuildConfiguration section */
		BCC03A0D1C02EF500058371A /* Debug */ = {
			isa = XCBuildConfiguration;
			buildSettings = {
				ALWAYS_SEARCH_USER_PATHS = NO;
				CLANG_CXX_LANGUAGE_STANDARD = "gnu++0x";
				CLANG_CXX_LIBRARY = "libc++";
				CLANG_ENABLE_MODULES = YES;
				CLANG_ENABLE_OBJC_ARC = YES;
				CLANG_WARN_BOOL_CONVERSION = YES;
				CLANG_WARN_CONSTANT_CONVERSION = YES;
				CLANG_WARN_DIRECT_OBJC_ISA_USAGE = YES_ERROR;
				CLANG_WARN_EMPTY_BODY = YES;
				CLANG_WARN_ENUM_CONVERSION = YES;
				CLANG_WARN_INT_CONVERSION = YES;
				CLANG_WARN_OBJC_ROOT_CLASS = YES_ERROR;
				CLANG_WARN_UNREACHABLE_CODE = YES;
				CLANG_WARN__DUPLICATE_METHOD_MATCH = YES;
				"CODE_SIGN_IDENTITY[sdk=iphoneos*]" = "iPhone Developer";
				COPY_PHASE_STRIP = NO;
				DEBUG_INFORMATION_FORMAT = "dwarf-with-dsym";
				ENABLE_STRICT_OBJC_MSGSEND = YES;
				GCC_C_LANGUAGE_STANDARD = gnu99;
				GCC_DYNAMIC_NO_PIC = NO;
				GCC_NO_COMMON_BLOCKS = YES;
				GCC_OPTIMIZATION_LEVEL = 0;
				GCC_PREPROCESSOR_DEFINITIONS = (
					"DEBUG=1",
					"$(inherited)",
				);
				GCC_SYMBOLS_PRIVATE_EXTERN = NO;
				GCC_WARN_64_TO_32_BIT_CONVERSION = YES;
				GCC_WARN_ABOUT_RETURN_TYPE = YES_ERROR;
				GCC_WARN_UNDECLARED_SELECTOR = YES;
				GCC_WARN_UNINITIALIZED_AUTOS = YES_AGGRESSIVE;
				GCC_WARN_UNUSED_FUNCTION = YES;
				GCC_WARN_UNUSED_VARIABLE = YES;
				IPHONEOS_DEPLOYMENT_TARGET = 8.3;
				MTL_ENABLE_DEBUG_INFO = YES;
				ONLY_ACTIVE_ARCH = YES;
				SDKROOT = iphoneos;
			};
			name = Debug;
		};
		BCC03A0E1C02EF500058371A /* Release */ = {
			isa = XCBuildConfiguration;
			buildSettings = {
				ALWAYS_SEARCH_USER_PATHS = NO;
				CLANG_CXX_LANGUAGE_STANDARD = "gnu++0x";
				CLANG_CXX_LIBRARY = "libc++";
				CLANG_ENABLE_MODULES = YES;
				CLANG_ENABLE_OBJC_ARC = YES;
				CLANG_WARN_BOOL_CONVERSION = YES;
				CLANG_WARN_CONSTANT_CONVERSION = YES;
				CLANG_WARN_DIRECT_OBJC_ISA_USAGE = YES_ERROR;
				CLANG_WARN_EMPTY_BODY = YES;
				CLANG_WARN_ENUM_CONVERSION = YES;
				CLANG_WARN_INT_CONVERSION = YES;
				CLANG_WARN_OBJC_ROOT_CLASS = YES_ERROR;
				CLANG_WARN_UNREACHABLE_CODE = YES;
				CLANG_WARN__DUPLICATE_METHOD_MATCH = YES;
				"CODE_SIGN_IDENTITY[sdk=iphoneos*]" = "iPhone Developer";
				COPY_PHASE_STRIP = NO;
				DEBUG_INFORMATION_FORMAT = "dwarf-with-dsym";
				ENABLE_NS_ASSERTIONS = NO;
				ENABLE_STRICT_OBJC_MSGSEND = YES;
				GCC_C_LANGUAGE_STANDARD = gnu99;
				GCC_NO_COMMON_BLOCKS = YES;
				GCC_WARN_64_TO_32_BIT_CONVERSION = YES;
				GCC_WARN_ABOUT_RETURN_TYPE = YES_ERROR;
				GCC_WARN_UNDECLARED_SELECTOR = YES;
				GCC_WARN_UNINITIALIZED_AUTOS = YES_AGGRESSIVE;
				GCC_WARN_UNUSED_FUNCTION = YES;
				GCC_WARN_UNUSED_VARIABLE = YES;
				IPHONEOS_DEPLOYMENT_TARGET = 8.3;
				MTL_ENABLE_DEBUG_INFO = NO;
				SDKROOT = iphoneos;
				VALIDATE_PRODUCT = YES;
			};
			name = Release;
		};
		BCC03A101C02EF500058371A /* Debug */ = {
			isa = XCBuildConfiguration;
			buildSettings = {
				ASSETCATALOG_COMPILER_APPICON_NAME = AppIcon;
				INFOPLIST_FILE = wanan/Info.plist;
				LD_RUNPATH_SEARCH_PATHS = "$(inherited) @executable_path/Frameworks";
				PRODUCT_NAME = "$(TARGET_NAME)";
			};
			name = Debug;
		};
		BCC03A111C02EF500058371A /* Release */ = {
			isa = XCBuildConfiguration;
			buildSettings = {
				ASSETCATALOG_COMPILER_APPICON_NAME = AppIcon;
				INFOPLIST_FILE = wanan/Info.plist;
				LD_RUNPATH_SEARCH_PATHS = "$(inherited) @executable_path/Frameworks";
				PRODUCT_NAME = "$(TARGET_NAME)";
			};
			name = Release;
		};
		BCC03A131C02EF500058371A /* Debug */ = {
			isa = XCBuildConfiguration;
			buildSettings = {
				BUNDLE_LOADER = "$(TEST_HOST)";
				FRAMEWORK_SEARCH_PATHS = (
					"$(SDKROOT)/Developer/Library/Frameworks",
					"$(inherited)",
				);
				GCC_PREPROCESSOR_DEFINITIONS = (
					"DEBUG=1",
					"$(inherited)",
				);
				INFOPLIST_FILE = wananTests/Info.plist;
				LD_RUNPATH_SEARCH_PATHS = "$(inherited) @executable_path/Frameworks @loader_path/Frameworks";
				PRODUCT_NAME = "$(TARGET_NAME)";
				TEST_HOST = "$(BUILT_PRODUCTS_DIR)/wanan.app/wanan";
			};
			name = Debug;
		};
		BCC03A141C02EF500058371A /* Release */ = {
			isa = XCBuildConfiguration;
			buildSettings = {
				BUNDLE_LOADER = "$(TEST_HOST)";
				FRAMEWORK_SEARCH_PATHS = (
					"$(SDKROOT)/Developer/Library/Frameworks",
					"$(inherited)",
				);
				INFOPLIST_FILE = wananTests/Info.plist;
				LD_RUNPATH_SEARCH_PATHS = "$(inherited) @executable_path/Frameworks @loader_path/Frameworks";
				PRODUCT_NAME = "$(TARGET_NAME)";
				TEST_HOST = "$(BUILT_PRODUCTS_DIR)/wanan.app/wanan";
			};
			name = Release;
		};
/* End XCBuildConfiguration section */

/* Begin XCConfigurationList section */
		BCC039E71C02EF4F0058371A /* Build configuration list for PBXProject "wanan" */ = {
			isa = XCConfigurationList;
			buildConfigurations = (
				BCC03A0D1C02EF500058371A /* Debug */,
				BCC03A0E1C02EF500058371A /* Release */,
			);
			defaultConfigurationIsVisible = 0;
			defaultConfigurationName = Release;
		};
		BCC03A0F1C02EF500058371A /* Build configuration list for PBXNativeTarget "wanan" */ = {
			isa = XCConfigurationList;
			buildConfigurations = (
				BCC03A101C02EF500058371A /* Debug */,
				BCC03A111C02EF500058371A /* Release */,
			);
			defaultConfigurationIsVisible = 0;
		};
		BCC03A121C02EF500058371A /* Build configuration list for PBXNativeTarget "wananTests" */ = {
			isa = XCConfigurationList;
			buildConfigurations = (
				BCC03A131C02EF500058371A /* Debug */,
				BCC03A141C02EF500058371A /* Release */,
			);
			defaultConfigurationIsVisible = 0;
		};
/* End XCConfigurationList section */
	};
	rootObject = BCC039E41C02EF4F0058371A /* Project object */;
}
